// !$*UTF8*$!
{
	archiveVersion = 1;
	classes = {
	};
	objectVersion = 46;
	objects = {

/* Begin PBXBuildFile section */
		9424502419D09E94004A496C /* States.swift in Sources */ = {isa = PBXBuildFile; fileRef = 9424502319D09E94004A496C /* States.swift */; };
		9424502619D0AFB6004A496C /* MapKit.framework in Frameworks */ = {isa = PBXBuildFile; fileRef = 9424502519D0AFB6004A496C /* MapKit.framework */; };
		9424502819D0B09F004A496C /* ThirdViewController.swift in Sources */ = {isa = PBXBuildFile; fileRef = 9424502719D0B09F004A496C /* ThirdViewController.swift */; };
		9424502C19D3FA9C004A496C /* Async.swift in Sources */ = {isa = PBXBuildFile; fileRef = 9424502B19D3FA9C004A496C /* Async.swift */; };
		943E1E6F1A04EBE9008FF404 /* Settings.swift in Sources */ = {isa = PBXBuildFile; fileRef = 943E1E6E1A04EBE9008FF404 /* Settings.swift */; };
		943E1E711A0500D4008FF404 /* Refresh.swift in Sources */ = {isa = PBXBuildFile; fileRef = 943E1E701A0500D4008FF404 /* Refresh.swift */; };
		9459CD6A19E00EFF00B7FF4E /* Components.swift in Sources */ = {isa = PBXBuildFile; fileRef = 9459CD6919E00EFF00B7FF4E /* Components.swift */; };
		946664561A1A68330073028A /* ComponentCell.swift in Sources */ = {isa = PBXBuildFile; fileRef = 946664551A1A68330073028A /* ComponentCell.swift */; };
		948DDF0B19C073F3006F5CBD /* AppDelegate.swift in Sources */ = {isa = PBXBuildFile; fileRef = 948DDF0A19C073F3006F5CBD /* AppDelegate.swift */; };
		948DDF0D19C073F3006F5CBD /* FirstViewController.swift in Sources */ = {isa = PBXBuildFile; fileRef = 948DDF0C19C073F3006F5CBD /* FirstViewController.swift */; };
		948DDF0F19C073F3006F5CBD /* SecondViewController.swift in Sources */ = {isa = PBXBuildFile; fileRef = 948DDF0E19C073F3006F5CBD /* SecondViewController.swift */; };
		948DDF1219C073F3006F5CBD /* Main.storyboard in Resources */ = {isa = PBXBuildFile; fileRef = 948DDF1019C073F3006F5CBD /* Main.storyboard */; };
		948DDF1419C073F3006F5CBD /* home.xcassets in Resources */ = {isa = PBXBuildFile; fileRef = 948DDF1319C073F3006F5CBD /* home.xcassets */; };
		948DDF2019C073F3006F5CBD /* boatguardTests.swift in Sources */ = {isa = PBXBuildFile; fileRef = 948DDF1F19C073F3006F5CBD /* boatguardTests.swift */; };
		948DDF4F19C99A23006F5CBD /* DINPro-Black.otf in Resources */ = {isa = PBXBuildFile; fileRef = 948DDF4319C99A23006F5CBD /* DINPro-Black.otf */; };
		948DDF5019C99A23006F5CBD /* DINPro-Bold.otf in Resources */ = {isa = PBXBuildFile; fileRef = 948DDF4419C99A23006F5CBD /* DINPro-Bold.otf */; };
		948DDF5119C99A23006F5CBD /* DINPro-Light.otf in Resources */ = {isa = PBXBuildFile; fileRef = 948DDF4519C99A23006F5CBD /* DINPro-Light.otf */; };
		948DDF5219C99A23006F5CBD /* DINPro-Medium.otf in Resources */ = {isa = PBXBuildFile; fileRef = 948DDF4619C99A23006F5CBD /* DINPro-Medium.otf */; };
		948DDF5319C99A23006F5CBD /* DINPro-Regular.otf in Resources */ = {isa = PBXBuildFile; fileRef = 948DDF4719C99A23006F5CBD /* DINPro-Regular.otf */; };
		948DDF5419C99A23006F5CBD /* Dosis-Bold.otf in Resources */ = {isa = PBXBuildFile; fileRef = 948DDF4819C99A23006F5CBD /* Dosis-Bold.otf */; };
		948DDF5519C99A23006F5CBD /* Dosis-ExtraBold.otf in Resources */ = {isa = PBXBuildFile; fileRef = 948DDF4919C99A23006F5CBD /* Dosis-ExtraBold.otf */; };
		948DDF5619C99A23006F5CBD /* Dosis-ExtraLight.otf in Resources */ = {isa = PBXBuildFile; fileRef = 948DDF4A19C99A23006F5CBD /* Dosis-ExtraLight.otf */; };
		948DDF5719C99A23006F5CBD /* Dosis-Light.otf in Resources */ = {isa = PBXBuildFile; fileRef = 948DDF4B19C99A23006F5CBD /* Dosis-Light.otf */; };
		948DDF5819C99A23006F5CBD /* Dosis-Medium.otf in Resources */ = {isa = PBXBuildFile; fileRef = 948DDF4C19C99A23006F5CBD /* Dosis-Medium.otf */; };
		948DDF5919C99A23006F5CBD /* Dosis-Regular.otf in Resources */ = {isa = PBXBuildFile; fileRef = 948DDF4D19C99A23006F5CBD /* Dosis-Regular.otf */; };
		948DDF5A19C99A23006F5CBD /* Dosis-SemiBold.otf in Resources */ = {isa = PBXBuildFile; fileRef = 948DDF4E19C99A23006F5CBD /* Dosis-SemiBold.otf */; };
		94C825AC1A1C97050066B6FC /* horn.wav in Resources */ = {isa = PBXBuildFile; fileRef = 94C825AB1A1C97050066B6FC /* horn.wav */; };
		94CF52EC1A64347D001E2C81 /* TabController.swift in Sources */ = {isa = PBXBuildFile; fileRef = 94CF52EB1A64347D001E2C81 /* TabController.swift */; };
		FE01116B1AB97F8E00C8B0EF /* SettingsViewController.swift in Sources */ = {isa = PBXBuildFile; fileRef = FE01116A1AB97F8E00C8B0EF /* SettingsViewController.swift */; };
		FE19773D1ACACA4200EF34BA /* json.swift in Sources */ = {isa = PBXBuildFile; fileRef = FE19773C1ACACA4200EF34BA /* json.swift */; };
		FE1977411ACC185600EF34BA /* AnchorViewController.swift in Sources */ = {isa = PBXBuildFile; fileRef = FE1977401ACC185600EF34BA /* AnchorViewController.swift */; };
		FE1977451ACC34A600EF34BA /* SystemConfiguration.framework in Frameworks */ = {isa = PBXBuildFile; fileRef = FE1977441ACC34A600EF34BA /* SystemConfiguration.framework */; };
		FE1977471ACC34B900EF34BA /* Security.framework in Frameworks */ = {isa = PBXBuildFile; fileRef = FE1977461ACC34B900EF34BA /* Security.framework */; };
		FE35D7871ABC72E700E73897 /* GeoFenceViewController.swift in Sources */ = {isa = PBXBuildFile; fileRef = FE35D7861ABC72E700E73897 /* GeoFenceViewController.swift */; };
		FE61F34E1AB9BAD500B3F8A2 /* SettingsCell.swift in Sources */ = {isa = PBXBuildFile; fileRef = FE61F34D1AB9BAD500B3F8A2 /* SettingsCell.swift */; };
		FEA243661AD6745F003231C2 /* AppSettingsViewController.swift in Sources */ = {isa = PBXBuildFile; fileRef = FEA243651AD6745F003231C2 /* AppSettingsViewController.swift */; };
		FEAB296E1ACD26BC00DA46B6 /* BatteryViewController.swift in Sources */ = {isa = PBXBuildFile; fileRef = FEAB296D1ACD26BC00DA46B6 /* BatteryViewController.swift */; };
		FEAB29701ACD2F2C00DA46B6 /* libFlurry_6.2.0.a in Frameworks */ = {isa = PBXBuildFile; fileRef = FEAB296F1ACD2F2C00DA46B6 /* libFlurry_6.2.0.a */; };
		FEAB29721ACD485300DA46B6 /* BilgePumpViewController.swift in Sources */ = {isa = PBXBuildFile; fileRef = FEAB29711ACD485300DA46B6 /* BilgePumpViewController.swift */; };
		FEAB29761ACD817600DA46B6 /* Crashlytics.framework in Frameworks */ = {isa = PBXBuildFile; fileRef = FEAB29741ACD817600DA46B6 /* Crashlytics.framework */; };
		FEAB29771ACD817600DA46B6 /* Fabric.framework in Frameworks */ = {isa = PBXBuildFile; fileRef = FEAB29751ACD817600DA46B6 /* Fabric.framework */; };
		FEAB297A1ACE792C00DA46B6 /* Main_ipad.storyboard in Resources */ = {isa = PBXBuildFile; fileRef = FEAB29781ACE792C00DA46B6 /* Main_ipad.storyboard */; };
		FEB3074C1AD5329C00EA95FD /* Comm.swift in Sources */ = {isa = PBXBuildFile; fileRef = FEB3074B1AD5329C00EA95FD /* Comm.swift */; };
/* End PBXBuildFile section */

/* Begin PBXContainerItemProxy section */
		948DDF1A19C073F3006F5CBD /* PBXContainerItemProxy */ = {
			isa = PBXContainerItemProxy;
			containerPortal = 948DDEFD19C073F3006F5CBD /* Project object */;
			proxyType = 1;
			remoteGlobalIDString = 948DDF0419C073F3006F5CBD;
			remoteInfo = boatguard;
		};
/* End PBXContainerItemProxy section */

/* Begin PBXFileReference section */
		9424502319D09E94004A496C /* States.swift */ = {isa = PBXFileReference; fileEncoding = 4; lastKnownFileType = sourcecode.swift; path = States.swift; sourceTree = "<group>"; };
		9424502519D0AFB6004A496C /* MapKit.framework */ = {isa = PBXFileReference; lastKnownFileType = wrapper.framework; name = MapKit.framework; path = System/Library/Frameworks/MapKit.framework; sourceTree = SDKROOT; };
		9424502719D0B09F004A496C /* ThirdViewController.swift */ = {isa = PBXFileReference; fileEncoding = 4; lastKnownFileType = sourcecode.swift; path = ThirdViewController.swift; sourceTree = "<group>"; };
		9424502B19D3FA9C004A496C /* Async.swift */ = {isa = PBXFileReference; fileEncoding = 4; lastKnownFileType = sourcecode.swift; path = Async.swift; sourceTree = SOURCE_ROOT; };
		943E1E6E1A04EBE9008FF404 /* Settings.swift */ = {isa = PBXFileReference; fileEncoding = 4; lastKnownFileType = sourcecode.swift; path = Settings.swift; sourceTree = "<group>"; };
		943E1E701A0500D4008FF404 /* Refresh.swift */ = {isa = PBXFileReference; fileEncoding = 4; lastKnownFileType = sourcecode.swift; path = Refresh.swift; sourceTree = "<group>"; };
		9459CD6919E00EFF00B7FF4E /* Components.swift */ = {isa = PBXFileReference; fileEncoding = 4; lastKnownFileType = sourcecode.swift; path = Components.swift; sourceTree = "<group>"; };
		946664551A1A68330073028A /* ComponentCell.swift */ = {isa = PBXFileReference; fileEncoding = 4; lastKnownFileType = sourcecode.swift; name = ComponentCell.swift; path = ../ComponentCell.swift; sourceTree = "<group>"; };
		948DDF0519C073F3006F5CBD /* boatguard.app */ = {isa = PBXFileReference; explicitFileType = wrapper.application; includeInIndex = 0; path = boatguard.app; sourceTree = BUILT_PRODUCTS_DIR; };
		948DDF0919C073F3006F5CBD /* Info.plist */ = {isa = PBXFileReference; lastKnownFileType = text.plist.xml; path = Info.plist; sourceTree = "<group>"; };
		948DDF0A19C073F3006F5CBD /* AppDelegate.swift */ = {isa = PBXFileReference; lastKnownFileType = sourcecode.swift; path = AppDelegate.swift; sourceTree = "<group>"; };
		948DDF0C19C073F3006F5CBD /* FirstViewController.swift */ = {isa = PBXFileReference; lastKnownFileType = sourcecode.swift; path = FirstViewController.swift; sourceTree = "<group>"; };
		948DDF0E19C073F3006F5CBD /* SecondViewController.swift */ = {isa = PBXFileReference; lastKnownFileType = sourcecode.swift; path = SecondViewController.swift; sourceTree = "<group>"; };
		948DDF1119C073F3006F5CBD /* Base */ = {isa = PBXFileReference; lastKnownFileType = file.storyboard; name = Base; path = Base.lproj/Main.storyboard; sourceTree = "<group>"; };
		948DDF1319C073F3006F5CBD /* home.xcassets */ = {isa = PBXFileReference; lastKnownFileType = folder.assetcatalog; path = home.xcassets; sourceTree = "<group>"; };
		948DDF1919C073F3006F5CBD /* boatguardTests.xctest */ = {isa = PBXFileReference; explicitFileType = wrapper.cfbundle; includeInIndex = 0; path = boatguardTests.xctest; sourceTree = BUILT_PRODUCTS_DIR; };
		948DDF1E19C073F3006F5CBD /* Info.plist */ = {isa = PBXFileReference; lastKnownFileType = text.plist.xml; path = Info.plist; sourceTree = "<group>"; };
		948DDF1F19C073F3006F5CBD /* boatguardTests.swift */ = {isa = PBXFileReference; lastKnownFileType = sourcecode.swift; path = boatguardTests.swift; sourceTree = "<group>"; };
		948DDF4319C99A23006F5CBD /* DINPro-Black.otf */ = {isa = PBXFileReference; lastKnownFileType = file; path = "DINPro-Black.otf"; sourceTree = "<group>"; };
		948DDF4419C99A23006F5CBD /* DINPro-Bold.otf */ = {isa = PBXFileReference; lastKnownFileType = file; path = "DINPro-Bold.otf"; sourceTree = "<group>"; };
		948DDF4519C99A23006F5CBD /* DINPro-Light.otf */ = {isa = PBXFileReference; lastKnownFileType = file; path = "DINPro-Light.otf"; sourceTree = "<group>"; };
		948DDF4619C99A23006F5CBD /* DINPro-Medium.otf */ = {isa = PBXFileReference; lastKnownFileType = file; path = "DINPro-Medium.otf"; sourceTree = "<group>"; };
		948DDF4719C99A23006F5CBD /* DINPro-Regular.otf */ = {isa = PBXFileReference; lastKnownFileType = file; path = "DINPro-Regular.otf"; sourceTree = "<group>"; };
		948DDF4819C99A23006F5CBD /* Dosis-Bold.otf */ = {isa = PBXFileReference; lastKnownFileType = file; path = "Dosis-Bold.otf"; sourceTree = "<group>"; };
		948DDF4919C99A23006F5CBD /* Dosis-ExtraBold.otf */ = {isa = PBXFileReference; lastKnownFileType = file; path = "Dosis-ExtraBold.otf"; sourceTree = "<group>"; };
		948DDF4A19C99A23006F5CBD /* Dosis-ExtraLight.otf */ = {isa = PBXFileReference; lastKnownFileType = file; path = "Dosis-ExtraLight.otf"; sourceTree = "<group>"; };
		948DDF4B19C99A23006F5CBD /* Dosis-Light.otf */ = {isa = PBXFileReference; lastKnownFileType = file; path = "Dosis-Light.otf"; sourceTree = "<group>"; };
		948DDF4C19C99A23006F5CBD /* Dosis-Medium.otf */ = {isa = PBXFileReference; lastKnownFileType = file; path = "Dosis-Medium.otf"; sourceTree = "<group>"; };
		948DDF4D19C99A23006F5CBD /* Dosis-Regular.otf */ = {isa = PBXFileReference; lastKnownFileType = file; path = "Dosis-Regular.otf"; sourceTree = "<group>"; };
		948DDF4E19C99A23006F5CBD /* Dosis-SemiBold.otf */ = {isa = PBXFileReference; lastKnownFileType = file; path = "Dosis-SemiBold.otf"; sourceTree = "<group>"; };
		94C825AB1A1C97050066B6FC /* horn.wav */ = {isa = PBXFileReference; lastKnownFileType = audio.wav; path = horn.wav; sourceTree = "<group>"; };
		94CF52EB1A64347D001E2C81 /* TabController.swift */ = {isa = PBXFileReference; fileEncoding = 4; lastKnownFileType = sourcecode.swift; path = TabController.swift; sourceTree = "<group>"; };
		FE01116A1AB97F8E00C8B0EF /* SettingsViewController.swift */ = {isa = PBXFileReference; fileEncoding = 4; lastKnownFileType = sourcecode.swift; path = SettingsViewController.swift; sourceTree = "<group>"; };
		FE19773C1ACACA4200EF34BA /* json.swift */ = {isa = PBXFileReference; fileEncoding = 4; lastKnownFileType = sourcecode.swift; path = json.swift; sourceTree = "<group>"; };
		FE1977401ACC185600EF34BA /* AnchorViewController.swift */ = {isa = PBXFileReference; fileEncoding = 4; lastKnownFileType = sourcecode.swift; path = AnchorViewController.swift; sourceTree = "<group>"; };
		FE1977421ACC2F5C00EF34BA /* Flurry.h */ = {isa = PBXFileReference; lastKnownFileType = sourcecode.c.h; path = Flurry.h; sourceTree = "<group>"; };
		FE1977431ACC306400EF34BA /* BOATGUARD-Bridging-Header.h */ = {isa = PBXFileReference; lastKnownFileType = sourcecode.c.h; path = "BOATGUARD-Bridging-Header.h"; sourceTree = "<group>"; };
		FE1977441ACC34A600EF34BA /* SystemConfiguration.framework */ = {isa = PBXFileReference; lastKnownFileType = wrapper.framework; name = SystemConfiguration.framework; path = System/Library/Frameworks/SystemConfiguration.framework; sourceTree = SDKROOT; };
		FE1977461ACC34B900EF34BA /* Security.framework */ = {isa = PBXFileReference; lastKnownFileType = wrapper.framework; name = Security.framework; path = System/Library/Frameworks/Security.framework; sourceTree = SDKROOT; };
		FE35D7861ABC72E700E73897 /* GeoFenceViewController.swift */ = {isa = PBXFileReference; fileEncoding = 4; lastKnownFileType = sourcecode.swift; path = GeoFenceViewController.swift; sourceTree = "<group>"; };
		FE61F34D1AB9BAD500B3F8A2 /* SettingsCell.swift */ = {isa = PBXFileReference; fileEncoding = 4; lastKnownFileType = sourcecode.swift; path = SettingsCell.swift; sourceTree = "<group>"; };
		FEA243651AD6745F003231C2 /* AppSettingsViewController.swift */ = {isa = PBXFileReference; fileEncoding = 4; lastKnownFileType = sourcecode.swift; path = AppSettingsViewController.swift; sourceTree = "<group>"; };
		FEAB296D1ACD26BC00DA46B6 /* BatteryViewController.swift */ = {isa = PBXFileReference; fileEncoding = 4; lastKnownFileType = sourcecode.swift; path = BatteryViewController.swift; sourceTree = "<group>"; };
		FEAB296F1ACD2F2C00DA46B6 /* libFlurry_6.2.0.a */ = {isa = PBXFileReference; lastKnownFileType = archive.ar; path = libFlurry_6.2.0.a; sourceTree = "<group>"; };
		FEAB29711ACD485300DA46B6 /* BilgePumpViewController.swift */ = {isa = PBXFileReference; fileEncoding = 4; lastKnownFileType = sourcecode.swift; path = BilgePumpViewController.swift; sourceTree = "<group>"; };
		FEAB29741ACD817600DA46B6 /* Crashlytics.framework */ = {isa = PBXFileReference; lastKnownFileType = wrapper.framework; path = Crashlytics.framework; sourceTree = "<group>"; };
		FEAB29751ACD817600DA46B6 /* Fabric.framework */ = {isa = PBXFileReference; lastKnownFileType = wrapper.framework; path = Fabric.framework; sourceTree = "<group>"; };
		FEAB29791ACE792C00DA46B6 /* Base */ = {isa = PBXFileReference; lastKnownFileType = file.storyboard; name = Base; path = Base.lproj/Main_ipad.storyboard; sourceTree = "<group>"; };
		FEB3074B1AD5329C00EA95FD /* Comm.swift */ = {isa = PBXFileReference; fileEncoding = 4; lastKnownFileType = sourcecode.swift; path = Comm.swift; sourceTree = "<group>"; };
/* End PBXFileReference section */

/* Begin PBXFrameworksBuildPhase section */
		948DDF0219C073F3006F5CBD /* Frameworks */ = {
			isa = PBXFrameworksBuildPhase;
			buildActionMask = 2147483647;
			files = (
				FE1977471ACC34B900EF34BA /* Security.framework in Frameworks */,
				FEAB29761ACD817600DA46B6 /* Crashlytics.framework in Frameworks */,
				FE1977451ACC34A600EF34BA /* SystemConfiguration.framework in Frameworks */,
				FEAB29701ACD2F2C00DA46B6 /* libFlurry_6.2.0.a in Frameworks */,
				9424502619D0AFB6004A496C /* MapKit.framework in Frameworks */,
				FEAB29771ACD817600DA46B6 /* Fabric.framework in Frameworks */,
			);
			runOnlyForDeploymentPostprocessing = 0;
		};
		948DDF1619C073F3006F5CBD /* Frameworks */ = {
			isa = PBXFrameworksBuildPhase;
			buildActionMask = 2147483647;
			files = (
			);
			runOnlyForDeploymentPostprocessing = 0;
		};
/* End PBXFrameworksBuildPhase section */

/* Begin PBXGroup section */
		948DDEFC19C073F3006F5CBD = {
			isa = PBXGroup;
			children = (
				FEAB29741ACD817600DA46B6 /* Crashlytics.framework */,
				FEAB29751ACD817600DA46B6 /* Fabric.framework */,
				FE1977461ACC34B900EF34BA /* Security.framework */,
				FE1977441ACC34A600EF34BA /* SystemConfiguration.framework */,
				9424502519D0AFB6004A496C /* MapKit.framework */,
				948DDF0719C073F3006F5CBD /* boatguard */,
				948DDF1C19C073F3006F5CBD /* boatguardTests */,
				948DDF0619C073F3006F5CBD /* Products */,
				948DDF4319C99A23006F5CBD /* DINPro-Black.otf */,
				948DDF4419C99A23006F5CBD /* DINPro-Bold.otf */,
				948DDF4519C99A23006F5CBD /* DINPro-Light.otf */,
				948DDF4619C99A23006F5CBD /* DINPro-Medium.otf */,
				948DDF4719C99A23006F5CBD /* DINPro-Regular.otf */,
				948DDF4819C99A23006F5CBD /* Dosis-Bold.otf */,
				948DDF4919C99A23006F5CBD /* Dosis-ExtraBold.otf */,
				948DDF4A19C99A23006F5CBD /* Dosis-ExtraLight.otf */,
				948DDF4B19C99A23006F5CBD /* Dosis-Light.otf */,
				948DDF4C19C99A23006F5CBD /* Dosis-Medium.otf */,
				948DDF4D19C99A23006F5CBD /* Dosis-Regular.otf */,
				948DDF4E19C99A23006F5CBD /* Dosis-SemiBold.otf */,
				94C825AB1A1C97050066B6FC /* horn.wav */,
			);
			sourceTree = "<group>";
		};
		948DDF0619C073F3006F5CBD /* Products */ = {
			isa = PBXGroup;
			children = (
				948DDF0519C073F3006F5CBD /* boatguard.app */,
				948DDF1919C073F3006F5CBD /* boatguardTests.xctest */,
			);
			name = Products;
			sourceTree = "<group>";
		};
		948DDF0719C073F3006F5CBD /* boatguard */ = {
			isa = PBXGroup;
			children = (
				948DDF0A19C073F3006F5CBD /* AppDelegate.swift */,
				FE1977421ACC2F5C00EF34BA /* Flurry.h */,
				FEAB296F1ACD2F2C00DA46B6 /* libFlurry_6.2.0.a */,
				FE1977431ACC306400EF34BA /* BOATGUARD-Bridging-Header.h */,
				9424502B19D3FA9C004A496C /* Async.swift */,
				FEB3074B1AD5329C00EA95FD /* Comm.swift */,
				FE19773C1ACACA4200EF34BA /* json.swift */,
				9424502319D09E94004A496C /* States.swift */,
				943E1E6E1A04EBE9008FF404 /* Settings.swift */,
				943E1E701A0500D4008FF404 /* Refresh.swift */,
				9459CD6919E00EFF00B7FF4E /* Components.swift */,
				946664551A1A68330073028A /* ComponentCell.swift */,
				FE61F34D1AB9BAD500B3F8A2 /* SettingsCell.swift */,
				94CF52EB1A64347D001E2C81 /* TabController.swift */,
				948DDF0C19C073F3006F5CBD /* FirstViewController.swift */,
				948DDF0E19C073F3006F5CBD /* SecondViewController.swift */,
				FE01116A1AB97F8E00C8B0EF /* SettingsViewController.swift */,
				FE35D7861ABC72E700E73897 /* GeoFenceViewController.swift */,
				FEAB29711ACD485300DA46B6 /* BilgePumpViewController.swift */,
				FEA243651AD6745F003231C2 /* AppSettingsViewController.swift */,
				FE1977401ACC185600EF34BA /* AnchorViewController.swift */,
				FEAB296D1ACD26BC00DA46B6 /* BatteryViewController.swift */,
				9424502719D0B09F004A496C /* ThirdViewController.swift */,
				948DDF1019C073F3006F5CBD /* Main.storyboard */,
				FEAB29781ACE792C00DA46B6 /* Main_ipad.storyboard */,
				948DDF1319C073F3006F5CBD /* home.xcassets */,
				948DDF0819C073F3006F5CBD /* Supporting Files */,
			);
			path = boatguard;
			sourceTree = "<group>";
		};
		948DDF0819C073F3006F5CBD /* Supporting Files */ = {
			isa = PBXGroup;
			children = (
				948DDF0919C073F3006F5CBD /* Info.plist */,
			);
			name = "Supporting Files";
			sourceTree = "<group>";
		};
		948DDF1C19C073F3006F5CBD /* boatguardTests */ = {
			isa = PBXGroup;
			children = (
				948DDF1F19C073F3006F5CBD /* boatguardTests.swift */,
				948DDF1D19C073F3006F5CBD /* Supporting Files */,
			);
			path = boatguardTests;
			sourceTree = "<group>";
		};
		948DDF1D19C073F3006F5CBD /* Supporting Files */ = {
			isa = PBXGroup;
			children = (
				948DDF1E19C073F3006F5CBD /* Info.plist */,
			);
			name = "Supporting Files";
			sourceTree = "<group>";
		};
/* End PBXGroup section */

/* Begin PBXNativeTarget section */
		948DDF0419C073F3006F5CBD /* boatguard */ = {
			isa = PBXNativeTarget;
			buildConfigurationList = 948DDF2319C073F3006F5CBD /* Build configuration list for PBXNativeTarget "boatguard" */;
			buildPhases = (
				948DDF0119C073F3006F5CBD /* Sources */,
				948DDF0219C073F3006F5CBD /* Frameworks */,
				948DDF0319C073F3006F5CBD /* Resources */,
				FEAB29731ACD80F100DA46B6 /* ShellScript */,
			);
			buildRules = (
			);
			dependencies = (
			);
			name = boatguard;
			productName = boatguard;
			productReference = 948DDF0519C073F3006F5CBD /* boatguard.app */;
			productType = "com.apple.product-type.application";
		};
		948DDF1819C073F3006F5CBD /* boatguardTests */ = {
			isa = PBXNativeTarget;
			buildConfigurationList = 948DDF2619C073F3006F5CBD /* Build configuration list for PBXNativeTarget "boatguardTests" */;
			buildPhases = (
				948DDF1519C073F3006F5CBD /* Sources */,
				948DDF1619C073F3006F5CBD /* Frameworks */,
				948DDF1719C073F3006F5CBD /* Resources */,
			);
			buildRules = (
			);
			dependencies = (
				948DDF1B19C073F3006F5CBD /* PBXTargetDependency */,
			);
			name = boatguardTests;
			productName = boatguardTests;
			productReference = 948DDF1919C073F3006F5CBD /* boatguardTests.xctest */;
			productType = "com.apple.product-type.bundle.unit-test";
		};
/* End PBXNativeTarget section */

/* Begin PBXProject section */
		948DDEFD19C073F3006F5CBD /* Project object */ = {
			isa = PBXProject;
			attributes = {
				LastUpgradeCheck = 0600;
				ORGANIZATIONNAME = bl4z;
				TargetAttributes = {
					948DDF0419C073F3006F5CBD = {
						CreatedOnToolsVersion = 6.0;
						DevelopmentTeam = J75Z63M53G;
					};
					948DDF1819C073F3006F5CBD = {
						CreatedOnToolsVersion = 6.0;
						DevelopmentTeam = 7D2YX4HL57;
						TestTargetID = 948DDF0419C073F3006F5CBD;
					};
				};
			};
			buildConfigurationList = 948DDF0019C073F3006F5CBD /* Build configuration list for PBXProject "boatguard" */;
			compatibilityVersion = "Xcode 3.2";
			developmentRegion = English;
			hasScannedForEncodings = 0;
			knownRegions = (
				en,
				Base,
			);
			mainGroup = 948DDEFC19C073F3006F5CBD;
			productRefGroup = 948DDF0619C073F3006F5CBD /* Products */;
			projectDirPath = "";
			projectRoot = "";
			targets = (
				948DDF0419C073F3006F5CBD /* boatguard */,
				948DDF1819C073F3006F5CBD /* boatguardTests */,
			);
		};
/* End PBXProject section */

/* Begin PBXResourcesBuildPhase section */
		948DDF0319C073F3006F5CBD /* Resources */ = {
			isa = PBXResourcesBuildPhase;
			buildActionMask = 2147483647;
			files = (
				94C825AC1A1C97050066B6FC /* horn.wav in Resources */,
				948DDF5619C99A23006F5CBD /* Dosis-ExtraLight.otf in Resources */,
				948DDF5019C99A23006F5CBD /* DINPro-Bold.otf in Resources */,
				948DDF1219C073F3006F5CBD /* Main.storyboard in Resources */,
				948DDF5119C99A23006F5CBD /* DINPro-Light.otf in Resources */,
				948DDF1419C073F3006F5CBD /* home.xcassets in Resources */,
				948DDF5519C99A23006F5CBD /* Dosis-ExtraBold.otf in Resources */,
				948DDF5719C99A23006F5CBD /* Dosis-Light.otf in Resources */,
				948DDF5A19C99A23006F5CBD /* Dosis-SemiBold.otf in Resources */,
				948DDF5819C99A23006F5CBD /* Dosis-Medium.otf in Resources */,
				948DDF5219C99A23006F5CBD /* DINPro-Medium.otf in Resources */,
				948DDF5419C99A23006F5CBD /* Dosis-Bold.otf in Resources */,
				948DDF5919C99A23006F5CBD /* Dosis-Regular.otf in Resources */,
				FEAB297A1ACE792C00DA46B6 /* Main_ipad.storyboard in Resources */,
				948DDF5319C99A23006F5CBD /* DINPro-Regular.otf in Resources */,
				948DDF4F19C99A23006F5CBD /* DINPro-Black.otf in Resources */,
			);
			runOnlyForDeploymentPostprocessing = 0;
		};
		948DDF1719C073F3006F5CBD /* Resources */ = {
			isa = PBXResourcesBuildPhase;
			buildActionMask = 2147483647;
			files = (
			);
			runOnlyForDeploymentPostprocessing = 0;
		};
/* End PBXResourcesBuildPhase section */

/* Begin PBXShellScriptBuildPhase section */
		FEAB29731ACD80F100DA46B6 /* ShellScript */ = {
			isa = PBXShellScriptBuildPhase;
			buildActionMask = 2147483647;
			files = (
			);
			inputPaths = (
			);
			outputPaths = (
			);
			runOnlyForDeploymentPostprocessing = 0;
			shellPath = /bin/sh;
			shellScript = "./Fabric.framework/run 3ba4d554b26e61e01ba9a9c35e8066822cd6ce16 c1dcd2b889801cadbc8a5ef907bda3d697cd0c3953e2d9ff5d9efa500f9ddbe2";
		};
/* End PBXShellScriptBuildPhase section */

/* Begin PBXSourcesBuildPhase section */
		948DDF0119C073F3006F5CBD /* Sources */ = {
			isa = PBXSourcesBuildPhase;
			buildActionMask = 2147483647;
			files = (
				FE61F34E1AB9BAD500B3F8A2 /* SettingsCell.swift in Sources */,
				948DDF0F19C073F3006F5CBD /* SecondViewController.swift in Sources */,
				FE19773D1ACACA4200EF34BA /* json.swift in Sources */,
				9459CD6A19E00EFF00B7FF4E /* Components.swift in Sources */,
				FEB3074C1AD5329C00EA95FD /* Comm.swift in Sources */,
				94CF52EC1A64347D001E2C81 /* TabController.swift in Sources */,
				9424502819D0B09F004A496C /* ThirdViewController.swift in Sources */,
				FEA243661AD6745F003231C2 /* AppSettingsViewController.swift in Sources */,
				9424502C19D3FA9C004A496C /* Async.swift in Sources */,
				9424502419D09E94004A496C /* States.swift in Sources */,
				FEAB296E1ACD26BC00DA46B6 /* BatteryViewController.swift in Sources */,
				943E1E6F1A04EBE9008FF404 /* Settings.swift in Sources */,
				FE35D7871ABC72E700E73897 /* GeoFenceViewController.swift in Sources */,
				943E1E711A0500D4008FF404 /* Refresh.swift in Sources */,
				948DDF0B19C073F3006F5CBD /* AppDelegate.swift in Sources */,
				FE01116B1AB97F8E00C8B0EF /* SettingsViewController.swift in Sources */,
				946664561A1A68330073028A /* ComponentCell.swift in Sources */,
				948DDF0D19C073F3006F5CBD /* FirstViewController.swift in Sources */,
				FEAB29721ACD485300DA46B6 /* BilgePumpViewController.swift in Sources */,
				FE1977411ACC185600EF34BA /* AnchorViewController.swift in Sources */,
			);
			runOnlyForDeploymentPostprocessing = 0;
		};
		948DDF1519C073F3006F5CBD /* Sources */ = {
			isa = PBXSourcesBuildPhase;
			buildActionMask = 2147483647;
			files = (
				948DDF2019C073F3006F5CBD /* boatguardTests.swift in Sources */,
			);
			runOnlyForDeploymentPostprocessing = 0;
		};
/* End PBXSourcesBuildPhase section */

/* Begin PBXTargetDependency section */
		948DDF1B19C073F3006F5CBD /* PBXTargetDependency */ = {
			isa = PBXTargetDependency;
			target = 948DDF0419C073F3006F5CBD /* boatguard */;
			targetProxy = 948DDF1A19C073F3006F5CBD /* PBXContainerItemProxy */;
		};
/* End PBXTargetDependency section */

/* Begin PBXVariantGroup section */
		948DDF1019C073F3006F5CBD /* Main.storyboard */ = {
			isa = PBXVariantGroup;
			children = (
				948DDF1119C073F3006F5CBD /* Base */,
			);
			name = Main.storyboard;
			sourceTree = "<group>";
		};
		FEAB29781ACE792C00DA46B6 /* Main_ipad.storyboard */ = {
			isa = PBXVariantGroup;
			children = (
				FEAB29791ACE792C00DA46B6 /* Base */,
			);
			name = Main_ipad.storyboard;
			sourceTree = "<group>";
		};
/* End PBXVariantGroup section */

/* Begin XCBuildConfiguration section */
		948DDF2119C073F3006F5CBD /* Debug */ = {
			isa = XCBuildConfiguration;
			buildSettings = {
				ALWAYS_SEARCH_USER_PATHS = NO;
				CLANG_CXX_LANGUAGE_STANDARD = "gnu++0x";
				CLANG_CXX_LIBRARY = "libc++";
				CLANG_ENABLE_MODULES = YES;
				CLANG_ENABLE_OBJC_ARC = YES;
				CLANG_WARN_BOOL_CONVERSION = YES;
				CLANG_WARN_CONSTANT_CONVERSION = YES;
				CLANG_WARN_DIRECT_OBJC_ISA_USAGE = YES_ERROR;
				CLANG_WARN_EMPTY_BODY = YES;
				CLANG_WARN_ENUM_CONVERSION = YES;
				CLANG_WARN_INT_CONVERSION = YES;
				CLANG_WARN_OBJC_ROOT_CLASS = YES_ERROR;
				CLANG_WARN_UNREACHABLE_CODE = YES;
				CLANG_WARN__DUPLICATE_METHOD_MATCH = YES;
				"CODE_SIGN_IDENTITY[sdk=iphoneos*]" = "iPhone Developer";
				COPY_PHASE_STRIP = NO;
				ENABLE_STRICT_OBJC_MSGSEND = YES;
				GCC_C_LANGUAGE_STANDARD = gnu99;
				GCC_DYNAMIC_NO_PIC = NO;
				GCC_OPTIMIZATION_LEVEL = 0;
				GCC_PREPROCESSOR_DEFINITIONS = (
					"DEBUG=1",
					"$(inherited)",
				);
				GCC_SYMBOLS_PRIVATE_EXTERN = NO;
				GCC_WARN_64_TO_32_BIT_CONVERSION = YES;
				GCC_WARN_ABOUT_RETURN_TYPE = YES_ERROR;
				GCC_WARN_UNDECLARED_SELECTOR = YES;
				GCC_WARN_UNINITIALIZED_AUTOS = YES_AGGRESSIVE;
				GCC_WARN_UNUSED_FUNCTION = YES;
				GCC_WARN_UNUSED_VARIABLE = YES;
				IPHONEOS_DEPLOYMENT_TARGET = 8.0;
				METAL_ENABLE_DEBUG_INFO = YES;
				ONLY_ACTIVE_ARCH = YES;
				SDKROOT = iphoneos;
				SWIFT_OPTIMIZATION_LEVEL = "-Onone";
				TARGETED_DEVICE_FAMILY = "1,2";
			};
			name = Debug;
		};
		948DDF2219C073F3006F5CBD /* Release */ = {
			isa = XCBuildConfiguration;
			buildSettings = {
				ALWAYS_SEARCH_USER_PATHS = NO;
				CLANG_CXX_LANGUAGE_STANDARD = "gnu++0x";
				CLANG_CXX_LIBRARY = "libc++";
				CLANG_ENABLE_MODULES = YES;
				CLANG_ENABLE_OBJC_ARC = YES;
				CLANG_WARN_BOOL_CONVERSION = YES;
				CLANG_WARN_CONSTANT_CONVERSION = YES;
				CLANG_WARN_DIRECT_OBJC_ISA_USAGE = YES_ERROR;
				CLANG_WARN_EMPTY_BODY = YES;
				CLANG_WARN_ENUM_CONVERSION = YES;
				CLANG_WARN_INT_CONVERSION = YES;
				CLANG_WARN_OBJC_ROOT_CLASS = YES_ERROR;
				CLANG_WARN_UNREACHABLE_CODE = YES;
				CLANG_WARN__DUPLICATE_METHOD_MATCH = YES;
				"CODE_SIGN_IDENTITY[sdk=iphoneos*]" = "iPhone Developer";
				COPY_PHASE_STRIP = YES;
				ENABLE_NS_ASSERTIONS = NO;
				ENABLE_STRICT_OBJC_MSGSEND = YES;
				GCC_C_LANGUAGE_STANDARD = gnu99;
				GCC_WARN_64_TO_32_BIT_CONVERSION = YES;
				GCC_WARN_ABOUT_RETURN_TYPE = YES_ERROR;
				GCC_WARN_UNDECLARED_SELECTOR = YES;
				GCC_WARN_UNINITIALIZED_AUTOS = YES_AGGRESSIVE;
				GCC_WARN_UNUSED_FUNCTION = YES;
				GCC_WARN_UNUSED_VARIABLE = YES;
				IPHONEOS_DEPLOYMENT_TARGET = 8.0;
				METAL_ENABLE_DEBUG_INFO = NO;
				SDKROOT = iphoneos;
				TARGETED_DEVICE_FAMILY = "1,2";
				VALIDATE_PRODUCT = YES;
			};
			name = Release;
		};
		948DDF2419C073F3006F5CBD /* Debug */ = {
			isa = XCBuildConfiguration;
			buildSettings = {
				ASSETCATALOG_COMPILER_APPICON_NAME = AppIcon;
				ASSETCATALOG_COMPILER_LAUNCHIMAGE_NAME = LaunchImage;
				CODE_SIGN_IDENTITY = "iPhone Developer";
				"CODE_SIGN_IDENTITY[sdk=iphoneos*]" = "iPhone Developer";
				FRAMEWORK_SEARCH_PATHS = (
					"$(inherited)",
					"$(PROJECT_DIR)",
				);
				INFOPLIST_FILE = boatguard/Info.plist;
				IPHONEOS_DEPLOYMENT_TARGET = 8.0;
				LD_RUNPATH_SEARCH_PATHS = "$(inherited) @executable_path/Frameworks";
				LIBRARY_SEARCH_PATHS = (
					"$(inherited)",
					/Users/markodudic/Desktop,
					"$(PROJECT_DIR)/boatguard",
				);
				OTHER_SWIFT_FLAGS = "-DDEBUG";
				PRODUCT_NAME = "$(TARGET_NAME)";
				PROVISIONING_PROFILE = "";
				SWIFT_OBJC_BRIDGING_HEADER = "$(SRCROOT)/boatguard/BOATGUARD-Bridging-Header.h";
				TARGETED_DEVICE_FAMILY = "1,2";
			};
			name = Debug;
		};
		948DDF2519C073F3006F5CBD /* Release */ = {
			isa = XCBuildConfiguration;
			buildSettings = {
				ASSETCATALOG_COMPILER_APPICON_NAME = AppIcon;
				ASSETCATALOG_COMPILER_LAUNCHIMAGE_NAME = LaunchImage;
				CODE_SIGN_IDENTITY = "iPhone Developer";
				"CODE_SIGN_IDENTITY[sdk=iphoneos*]" = "iPhone Developer";
				FRAMEWORK_SEARCH_PATHS = (
					"$(inherited)",
					"$(PROJECT_DIR)",
				);
				INFOPLIST_FILE = boatguard/Info.plist;
				IPHONEOS_DEPLOYMENT_TARGET = 8.0;
				LD_RUNPATH_SEARCH_PATHS = "$(inherited) @executable_path/Frameworks";
				LIBRARY_SEARCH_PATHS = (
					"$(inherited)",
					/Users/markodudic/Desktop,
					"$(PROJECT_DIR)/boatguard",
				);
				OTHER_SWIFT_FLAGS = "-DRELEASE";
				PRODUCT_NAME = "$(TARGET_NAME)";
				PROVISIONING_PROFILE = "";
				SWIFT_OBJC_BRIDGING_HEADER = "$(SRCROOT)/boatguard/BOATGUARD-Bridging-Header.h";
				TARGETED_DEVICE_FAMILY = "1,2";
			};
			name = Release;
		};
		948DDF2719C073F3006F5CBD /* Debug */ = {
			isa = XCBuildConfiguration;
			buildSettings = {
				BUNDLE_LOADER = "$(BUILT_PRODUCTS_DIR)/boatguard.app/boatguard";
				FRAMEWORK_SEARCH_PATHS = (
					"$(SDKROOT)/Developer/Library/Frameworks",
					"$(inherited)",
				);
				GCC_PREPROCESSOR_DEFINITIONS = (
					"DEBUG=1",
					"$(inherited)",
				);
				INFOPLIST_FILE = boatguardTests/Info.plist;
				LD_RUNPATH_SEARCH_PATHS = "$(inherited) @executable_path/Frameworks @loader_path/Frameworks";
				METAL_ENABLE_DEBUG_INFO = YES;
				PRODUCT_NAME = "$(TARGET_NAME)";
				TEST_HOST = "$(BUNDLE_LOADER)";
			};
			name = Debug;
		};
		948DDF2819C073F3006F5CBD /* Release */ = {
			isa = XCBuildConfiguration;
			buildSettings = {
				BUNDLE_LOADER = "$(BUILT_PRODUCTS_DIR)/boatguard.app/boatguard";
				FRAMEWORK_SEARCH_PATHS = (
					"$(SDKROOT)/Developer/Library/Frameworks",
					"$(inherited)",
				);
				INFOPLIST_FILE = boatguardTests/Info.plist;
				LD_RUNPATH_SEARCH_PATHS = "$(inherited) @executable_path/Frameworks @loader_path/Frameworks";
				METAL_ENABLE_DEBUG_INFO = NO;
				PRODUCT_NAME = "$(TARGET_NAME)";
				TEST_HOST = "$(BUNDLE_LOADER)";
			};
			name = Release;
		};
/* End XCBuildConfiguration section */

/* Begin XCConfigurationList section */
		948DDF0019C073F3006F5CBD /* Build configuration list for PBXProject "boatguard" */ = {
			isa = XCConfigurationList;
			buildConfigurations = (
				948DDF2119C073F3006F5CBD /* Debug */,
				948DDF2219C073F3006F5CBD /* Release */,
			);
			defaultConfigurationIsVisible = 0;
			defaultConfigurationName = Release;
		};
		948DDF2319C073F3006F5CBD /* Build configuration list for PBXNativeTarget "boatguard" */ = {
			isa = XCConfigurationList;
			buildConfigurations = (
				948DDF2419C073F3006F5CBD /* Debug */,
				948DDF2519C073F3006F5CBD /* Release */,
			);
			defaultConfigurationIsVisible = 0;
			defaultConfigurationName = Release;
		};
		948DDF2619C073F3006F5CBD /* Build configuration list for PBXNativeTarget "boatguardTests" */ = {
			isa = XCConfigurationList;
			buildConfigurations = (
				948DDF2719C073F3006F5CBD /* Debug */,
				948DDF2819C073F3006F5CBD /* Release */,
			);
			defaultConfigurationIsVisible = 0;
			defaultConfigurationName = Release;
		};
/* End XCConfigurationList section */
	};
	rootObject = 948DDEFD19C073F3006F5CBD /* Project object */;
}
